
Microsoft Visual Studio Solution File, Format Version 12.00
# Visual Studio Version 17
VisualStudioVersion = 17.5.33424.131
MinimumVisualStudioVersion = 10.0.40219.1
Project("{FAE04EC0-301F-11D3-BF4B-00C04F79EFBC}") = "WPFWindow", "WPFWindow\WPFWindow.csproj", "{8FD1926F-E0C1-49CE-82E0-6D4E26835D04}"
EndProject
Global
	GlobalSection(SolutionConfigurationPlatforms) = preSolution
		Debug|Any CPU = Debug|Any CPU
		Release|Any CPU = Release|Any CPU
	EndGlobalSection
	GlobalSection(ProjectConfigurationPlatforms) = postSolution
		{8FD1926F-E0C1-49CE-82E0-6D4E26835D04}.Debug|Any CPU.ActiveCfg = Debug|Any CPU
		{8FD1926F-E0C1-49CE-82E0-6D4E26835D04}.Debug|Any CPU.Build.0 = Debug|Any CPU
		{8FD1926F-E0C1-49CE-82E0-6D4E26835D04}.Release|Any CPU.ActiveCfg = Release|Any CPU
		{8FD1926F-E0C1-49CE-82E0-6D4E26835D04}.Release|Any CPU.Build.0 = Release|Any CPU
	EndGlobalSection
	GlobalSection(SolutionProperties) = preSolution
		HideSolutionNode = FALSE
	EndGlobalSection
	GlobalSection(ExtensibilityGlobals) = postSolution
		SolutionGuid = {72037BB8-EA6B-4CA1-9D18-4E5CE77D7209}
	EndGlobalSection
EndGlobal
